
Microsoft Visual Studio Solution File, Format Version 12.00
# Visual Studio Version 17
VisualStudioVersion = 17.13.35931.197 d17.13
MinimumVisualStudioVersion = 10.0.40219.1
Project("{FAE04EC0-301F-11D3-BF4B-00C04F79EFBC}") = "BookLibraryApi", "BookLibraryApi\BookLibraryApi.csproj", "{85FA1484-53EE-441F-A0F1-2B1623D94B78}"
EndProject
Global
	GlobalSection(SolutionConfigurationPlatforms) = preSolution
		Debug|Any CPU = Debug|Any CPU
		Release|Any CPU = Release|Any CPU
	EndGlobalSection
	GlobalSection(ProjectConfigurationPlatforms) = postSolution
		{85FA1484-53EE-441F-A0F1-2B1623D94B78}.Debug|Any CPU.ActiveCfg = Debug|Any CPU
		{85FA1484-53EE-441F-A0F1-2B1623D94B78}.Debug|Any CPU.Build.0 = Debug|Any CPU
		{85FA1484-53EE-441F-A0F1-2B1623D94B78}.Release|Any CPU.ActiveCfg = Release|Any CPU
		{85FA1484-53EE-441F-A0F1-2B1623D94B78}.Release|Any CPU.Build.0 = Release|Any CPU
	EndGlobalSection
	GlobalSection(SolutionProperties) = preSolution
		HideSolutionNode = FALSE
	EndGlobalSection
	GlobalSection(ExtensibilityGlobals) = postSolution
		SolutionGuid = {9853F3E6-A900-4042-99BC-5D0C9FB109A0}
	EndGlobalSection
EndGlobal
